{
  "lockfile_version": "1",
  "packages": {
    "dotnet-sdk@latest": {
      "last_modified": "2023-11-28T12:34:59Z",
      "resolved": "github:NixOS/nixpkgs/010c7296f3b19a58b206fdf7d68d75a5b0a09e9e#dotnet-sdk",
      "source": "devbox-search",
      "version": "6.0.417",
      "systems": {
        "aarch64-darwin": {
          "store_path": "/nix/store/969i2vvf2bhgh1kmsbjnww020lhqr1w0-dotnet-sdk-6.0.417"
        },
        "aarch64-linux": {
          "store_path": "/nix/store/9kf2kmrzhvsn2wpck7qc2wj7s4zgrkw3-dotnet-sdk-6.0.417"
        },
        "x86_64-darwin": {
          "store_path": "/nix/store/xjqp9gfkc47fhvncaxsdnms0x64qqfps-dotnet-sdk-6.0.417"
        },
        "x86_64-linux": {
          "store_path": "/nix/store/k1ld6p66rdvzlcqhrnmhgllycr745490-dotnet-sdk-6.0.417"
        }
      }
    },
    "kubernetes-helm@latest": {
      "last_modified": "2023-11-17T14:14:56Z",
      "resolved": "github:NixOS/nixpkgs/a71323f68d4377d12c04a5410e214495ec598d4c#kubernetes-helm",
      "source": "devbox-search",
      "version": "3.13.2",
      "systems": {
        "aarch64-darwin": {
          "store_path": "/nix/store/bm0hydn3x8qicnnpp1j59affzbh802g6-kubernetes-helm-3.13.2"
        },
        "aarch64-linux": {
          "store_path": "/nix/store/rlxzcdijanfnr1cycmasxlqqbkhmfllc-kubernetes-helm-3.13.2"
        },
        "x86_64-darwin": {
          "store_path": "/nix/store/wihx37d21rxyvp5d10ki9qr57mmqa96n-kubernetes-helm-3.13.2"
        },
        "x86_64-linux": {
          "store_path": "/nix/store/2nsswfqlz4nc2hrbxchz7n98ccg9jfjx-kubernetes-helm-3.13.2"
        }
      }
    }
  }
}
